
Microsoft Visual Studio Solution File, Format Version 12.00
# Visual Studio Version 17
VisualStudioVersion = 17.0.32112.339
MinimumVisualStudioVersion = 10.0.40219.1
Project("{FAE04EC0-301F-11D3-BF4B-00C04F79EFBC}") = "Lesson2", "Lesson2\Lesson2.csproj", "{18157AED-47A0-47DF-9CC7-5F3D71BE90DD}"
EndProject
Global
	GlobalSection(SolutionConfigurationPlatforms) = preSolution
		Debug|Any CPU = Debug|Any CPU
		Release|Any CPU = Release|Any CPU
	EndGlobalSection
	GlobalSection(ProjectConfigurationPlatforms) = postSolution
		{18157AED-47A0-47DF-9CC7-5F3D71BE90DD}.Debug|Any CPU.ActiveCfg = Debug|Any CPU
		{18157AED-47A0-47DF-9CC7-5F3D71BE90DD}.Debug|Any CPU.Build.0 = Debug|Any CPU
		{18157AED-47A0-47DF-9CC7-5F3D71BE90DD}.Release|Any CPU.ActiveCfg = Release|Any CPU
		{18157AED-47A0-47DF-9CC7-5F3D71BE90DD}.Release|Any CPU.Build.0 = Release|Any CPU
	EndGlobalSection
	GlobalSection(SolutionProperties) = preSolution
		HideSolutionNode = FALSE
	EndGlobalSection
	GlobalSection(ExtensibilityGlobals) = postSolution
		SolutionGuid = {9935A42F-8D62-4749-BAB9-A23F2C9E724D}
	EndGlobalSection
EndGlobal
