
Microsoft Visual Studio Solution File, Format Version 12.00
# Visual Studio Version 17
VisualStudioVersion = 17.1.32414.318
MinimumVisualStudioVersion = 10.0.40219.1
Project("{FAE04EC0-301F-11D3-BF4B-00C04F79EFBC}") = "Lesson7", "Lesson7\Lesson7.csproj", "{C6A2B22E-5E53-4BA8-9429-5539B69219F4}"
EndProject
Project("{FAE04EC0-301F-11D3-BF4B-00C04F79EFBC}") = "Lesson7.Reporter", "Lesson7.Reporter\Lesson7.Reporter.csproj", "{458D1F0E-E1C5-49C7-9AB3-9F0E49CD8CF8}"
EndProject
Global
	GlobalSection(SolutionConfigurationPlatforms) = preSolution
		Debug|Any CPU = Debug|Any CPU
		Release|Any CPU = Release|Any CPU
	EndGlobalSection
	GlobalSection(ProjectConfigurationPlatforms) = postSolution
		{C6A2B22E-5E53-4BA8-9429-5539B69219F4}.Debug|Any CPU.ActiveCfg = Debug|Any CPU
		{C6A2B22E-5E53-4BA8-9429-5539B69219F4}.Debug|Any CPU.Build.0 = Debug|Any CPU
		{C6A2B22E-5E53-4BA8-9429-5539B69219F4}.Release|Any CPU.ActiveCfg = Release|Any CPU
		{C6A2B22E-5E53-4BA8-9429-5539B69219F4}.Release|Any CPU.Build.0 = Release|Any CPU
		{458D1F0E-E1C5-49C7-9AB3-9F0E49CD8CF8}.Debug|Any CPU.ActiveCfg = Debug|Any CPU
		{458D1F0E-E1C5-49C7-9AB3-9F0E49CD8CF8}.Debug|Any CPU.Build.0 = Debug|Any CPU
		{458D1F0E-E1C5-49C7-9AB3-9F0E49CD8CF8}.Release|Any CPU.ActiveCfg = Release|Any CPU
		{458D1F0E-E1C5-49C7-9AB3-9F0E49CD8CF8}.Release|Any CPU.Build.0 = Release|Any CPU
	EndGlobalSection
	GlobalSection(SolutionProperties) = preSolution
		HideSolutionNode = FALSE
	EndGlobalSection
	GlobalSection(ExtensibilityGlobals) = postSolution
		SolutionGuid = {4CF3E365-E853-4992-8D36-2C9791A55AC3}
	EndGlobalSection
EndGlobal
